// !$*UTF8*$!
{
	archiveVersion = 1;
	classes = {
	};
	objectVersion = 46;
	objects = {

/* Begin PBXBuildFile section */
		A397A7711B4064780014C9D8 /* main.m in Sources */ = {isa = PBXBuildFile; fileRef = A397A7701B4064780014C9D8 /* main.m */; };
		A397A7741B4064780014C9D8 /* AppDelegate.m in Sources */ = {isa = PBXBuildFile; fileRef = A397A7731B4064780014C9D8 /* AppDelegate.m */; };
		A397A7771B4064780014C9D8 /* Alarms.xcdatamodeld in Sources */ = {isa = PBXBuildFile; fileRef = A397A7751B4064780014C9D8 /* Alarms.xcdatamodeld */; };
		A397A77A1B4064780014C9D8 /* MasterViewController.m in Sources */ = {isa = PBXBuildFile; fileRef = A397A7791B4064780014C9D8 /* MasterViewController.m */; };
		A397A77D1B4064780014C9D8 /* DetailViewController.m in Sources */ = {isa = PBXBuildFile; fileRef = A397A77C1B4064780014C9D8 /* DetailViewController.m */; };
		A397A7801B4064780014C9D8 /* Main.storyboard in Resources */ = {isa = PBXBuildFile; fileRef = A397A77E1B4064780014C9D8 /* Main.storyboard */; };
		A397A7821B4064780014C9D8 /* Images.xcassets in Resources */ = {isa = PBXBuildFile; fileRef = A397A7811B4064780014C9D8 /* Images.xcassets */; };
		A397A7851B4064780014C9D8 /* LaunchScreen.xib in Resources */ = {isa = PBXBuildFile; fileRef = A397A7831B4064780014C9D8 /* LaunchScreen.xib */; };
		A397A7911B4064780014C9D8 /* AlarmsTests.m in Sources */ = {isa = PBXBuildFile; fileRef = A397A7901B4064780014C9D8 /* AlarmsTests.m */; };
		A3B366AE1B40A45200B74153 /* DBConnection.m in Sources */ = {isa = PBXBuildFile; fileRef = A3B366AD1B40A45200B74153 /* DBConnection.m */; };
		A3B366B01B40A56900B74153 /* SanFranciscoDisplay-Light.otf in Resources */ = {isa = PBXBuildFile; fileRef = A3B366AF1B40A56900B74153 /* SanFranciscoDisplay-Light.otf */; };
		A3B366B31B40A72400B74153 /* AlarmDetailTVC.m in Sources */ = {isa = PBXBuildFile; fileRef = A3B366B21B40A72400B74153 /* AlarmDetailTVC.m */; };
		A3B6FD7F1B412A1500B0C948 /* NotificationManager.m in Sources */ = {isa = PBXBuildFile; fileRef = A3B6FD7E1B412A1500B0C948 /* NotificationManager.m */; };
		A3B6FD811B41452600B0C948 /* ReadMe.md in Sources */ = {isa = PBXBuildFile; fileRef = A3B6FD801B41452600B0C948 /* ReadMe.md */; };
		A3B6FDB51B4204BB00B0C948 /* modern alarm.aif in Resources */ = {isa = PBXBuildFile; fileRef = A3B6FDB41B4204BB00B0C948 /* modern alarm.aif */; };
		A3B6FDB81B4209EA00B0C948 /* ClockVC.m in Sources */ = {isa = PBXBuildFile; fileRef = A3B6FDB71B4209EA00B0C948 /* ClockVC.m */; };
		A3B6FDBB1B4215CD00B0C948 /* AlarmAlertVC.m in Sources */ = {isa = PBXBuildFile; fileRef = A3B6FDBA1B4215CD00B0C948 /* AlarmAlertVC.m */; };
		A3CE5A0B1B42F0E100A23989 /* rotate.png in Resources */ = {isa = PBXBuildFile; fileRef = A3CE5A0A1B42F0E100A23989 /* rotate.png */; };
		A3CE5A0E1B42F40B00A23989 /* AlarmSoundPickerVC.m in Sources */ = {isa = PBXBuildFile; fileRef = A3CE5A0D1B42F40B00A23989 /* AlarmSoundPickerVC.m */; };
		A3CE5A111B42F60800A23989 /* Alarm.m in Sources */ = {isa = PBXBuildFile; fileRef = A3CE5A101B42F60800A23989 /* Alarm.m */; };
/* End PBXBuildFile section */

/* Begin PBXContainerItemProxy section */
		A397A78B1B4064780014C9D8 /* PBXContainerItemProxy */ = {
			isa = PBXContainerItemProxy;
			containerPortal = A397A7631B4064780014C9D8 /* Project object */;
			proxyType = 1;
			remoteGlobalIDString = A397A76A1B4064780014C9D8;
			remoteInfo = Alarms;
		};
/* End PBXContainerItemProxy section */

/* Begin PBXFileReference section */
		A397A76B1B4064780014C9D8 /* Alarms.app */ = {isa = PBXFileReference; explicitFileType = wrapper.application; includeInIndex = 0; path = Alarms.app; sourceTree = BUILT_PRODUCTS_DIR; };
		A397A76F1B4064780014C9D8 /* Info.plist */ = {isa = PBXFileReference; lastKnownFileType = text.plist.xml; path = Info.plist; sourceTree = "<group>"; };
		A397A7701B4064780014C9D8 /* main.m */ = {isa = PBXFileReference; lastKnownFileType = sourcecode.c.objc; path = main.m; sourceTree = "<group>"; };
		A397A7721B4064780014C9D8 /* AppDelegate.h */ = {isa = PBXFileReference; lastKnownFileType = sourcecode.c.h; path = AppDelegate.h; sourceTree = "<group>"; };
		A397A7731B4064780014C9D8 /* AppDelegate.m */ = {isa = PBXFileReference; lastKnownFileType = sourcecode.c.objc; path = AppDelegate.m; sourceTree = "<group>"; };
		A397A7761B4064780014C9D8 /* Alarms.xcdatamodel */ = {isa = PBXFileReference; lastKnownFileType = wrapper.xcdatamodel; path = Alarms.xcdatamodel; sourceTree = "<group>"; };
		A397A7781B4064780014C9D8 /* MasterViewController.h */ = {isa = PBXFileReference; lastKnownFileType = sourcecode.c.h; path = MasterViewController.h; sourceTree = "<group>"; };
		A397A7791B4064780014C9D8 /* MasterViewController.m */ = {isa = PBXFileReference; lastKnownFileType = sourcecode.c.objc; path = MasterViewController.m; sourceTree = "<group>"; };
		A397A77B1B4064780014C9D8 /* DetailViewController.h */ = {isa = PBXFileReference; lastKnownFileType = sourcecode.c.h; path = DetailViewController.h; sourceTree = "<group>"; };
		A397A77C1B4064780014C9D8 /* DetailViewController.m */ = {isa = PBXFileReference; lastKnownFileType = sourcecode.c.objc; path = DetailViewController.m; sourceTree = "<group>"; };
		A397A77F1B4064780014C9D8 /* Base */ = {isa = PBXFileReference; lastKnownFileType = file.storyboard; name = Base; path = Base.lproj/Main.storyboard; sourceTree = "<group>"; };
		A397A7811B4064780014C9D8 /* Images.xcassets */ = {isa = PBXFileReference; lastKnownFileType = folder.assetcatalog; path = Images.xcassets; sourceTree = "<group>"; };
		A397A7841B4064780014C9D8 /* Base */ = {isa = PBXFileReference; lastKnownFileType = file.xib; name = Base; path = Base.lproj/LaunchScreen.xib; sourceTree = "<group>"; };
		A397A78A1B4064780014C9D8 /* AlarmsTests.xctest */ = {isa = PBXFileReference; explicitFileType = wrapper.cfbundle; includeInIndex = 0; path = AlarmsTests.xctest; sourceTree = BUILT_PRODUCTS_DIR; };
		A397A78F1B4064780014C9D8 /* Info.plist */ = {isa = PBXFileReference; lastKnownFileType = text.plist.xml; path = Info.plist; sourceTree = "<group>"; };
		A397A7901B4064780014C9D8 /* AlarmsTests.m */ = {isa = PBXFileReference; lastKnownFileType = sourcecode.c.objc; path = AlarmsTests.m; sourceTree = "<group>"; };
		A3B366AC1B40A45200B74153 /* DBConnection.h */ = {isa = PBXFileReference; fileEncoding = 4; lastKnownFileType = sourcecode.c.h; path = DBConnection.h; sourceTree = "<group>"; };
		A3B366AD1B40A45200B74153 /* DBConnection.m */ = {isa = PBXFileReference; fileEncoding = 4; lastKnownFileType = sourcecode.c.objc; path = DBConnection.m; sourceTree = "<group>"; };
		A3B366AF1B40A56900B74153 /* SanFranciscoDisplay-Light.otf */ = {isa = PBXFileReference; lastKnownFileType = file; path = "SanFranciscoDisplay-Light.otf"; sourceTree = "<group>"; };
		A3B366B11B40A72400B74153 /* AlarmDetailTVC.h */ = {isa = PBXFileReference; fileEncoding = 4; lastKnownFileType = sourcecode.c.h; path = AlarmDetailTVC.h; sourceTree = "<group>"; };
		A3B366B21B40A72400B74153 /* AlarmDetailTVC.m */ = {isa = PBXFileReference; fileEncoding = 4; lastKnownFileType = sourcecode.c.objc; path = AlarmDetailTVC.m; sourceTree = "<group>"; };
		A3B6FD7D1B412A1500B0C948 /* NotificationManager.h */ = {isa = PBXFileReference; fileEncoding = 4; lastKnownFileType = sourcecode.c.h; path = NotificationManager.h; sourceTree = "<group>"; };
		A3B6FD7E1B412A1500B0C948 /* NotificationManager.m */ = {isa = PBXFileReference; fileEncoding = 4; lastKnownFileType = sourcecode.c.objc; path = NotificationManager.m; sourceTree = "<group>"; };
		A3B6FD801B41452600B0C948 /* ReadMe.md */ = {isa = PBXFileReference; fileEncoding = 4; lastKnownFileType = net.daringfireball.markdown; path = ReadMe.md; sourceTree = "<group>"; };
		A3B6FDB41B4204BB00B0C948 /* modern alarm.aif */ = {isa = PBXFileReference; lastKnownFileType = file; path = "modern alarm.aif"; sourceTree = "<group>"; };
		A3B6FDB61B4209EA00B0C948 /* ClockVC.h */ = {isa = PBXFileReference; fileEncoding = 4; lastKnownFileType = sourcecode.c.h; path = ClockVC.h; sourceTree = "<group>"; };
		A3B6FDB71B4209EA00B0C948 /* ClockVC.m */ = {isa = PBXFileReference; fileEncoding = 4; lastKnownFileType = sourcecode.c.objc; path = ClockVC.m; sourceTree = "<group>"; };
		A3B6FDB91B4215CD00B0C948 /* AlarmAlertVC.h */ = {isa = PBXFileReference; fileEncoding = 4; lastKnownFileType = sourcecode.c.h; path = AlarmAlertVC.h; sourceTree = "<group>"; };
		A3B6FDBA1B4215CD00B0C948 /* AlarmAlertVC.m */ = {isa = PBXFileReference; fileEncoding = 4; lastKnownFileType = sourcecode.c.objc; path = AlarmAlertVC.m; sourceTree = "<group>"; };
		A3CE5A0A1B42F0E100A23989 /* rotate.png */ = {isa = PBXFileReference; lastKnownFileType = image.png; path = rotate.png; sourceTree = "<group>"; };
		A3CE5A0C1B42F40B00A23989 /* AlarmSoundPickerVC.h */ = {isa = PBXFileReference; fileEncoding = 4; lastKnownFileType = sourcecode.c.h; path = AlarmSoundPickerVC.h; sourceTree = "<group>"; };
		A3CE5A0D1B42F40B00A23989 /* AlarmSoundPickerVC.m */ = {isa = PBXFileReference; fileEncoding = 4; lastKnownFileType = sourcecode.c.objc; path = AlarmSoundPickerVC.m; sourceTree = "<group>"; };
		A3CE5A0F1B42F60800A23989 /* Alarm.h */ = {isa = PBXFileReference; fileEncoding = 4; lastKnownFileType = sourcecode.c.h; path = Alarm.h; sourceTree = "<group>"; };
		A3CE5A101B42F60800A23989 /* Alarm.m */ = {isa = PBXFileReference; fileEncoding = 4; lastKnownFileType = sourcecode.c.objc; path = Alarm.m; sourceTree = "<group>"; };
/* End PBXFileReference section */

/* Begin PBXFrameworksBuildPhase section */
		A397A7681B4064780014C9D8 /* Frameworks */ = {
			isa = PBXFrameworksBuildPhase;
			buildActionMask = 2147483647;
			files = (
			);
			runOnlyForDeploymentPostprocessing = 0;
		};
		A397A7871B4064780014C9D8 /* Frameworks */ = {
			isa = PBXFrameworksBuildPhase;
			buildActionMask = 2147483647;
			files = (
			);
			runOnlyForDeploymentPostprocessing = 0;
		};
/* End PBXFrameworksBuildPhase section */

/* Begin PBXGroup section */
		A397A7621B4064780014C9D8 = {
			isa = PBXGroup;
			children = (
				A3B6FD801B41452600B0C948 /* ReadMe.md */,
				A3B366AF1B40A56900B74153 /* SanFranciscoDisplay-Light.otf */,
				A3CE5A0A1B42F0E100A23989 /* rotate.png */,
				A3B6FDB31B4204BB00B0C948 /* AlarmSound */,
				A397A76D1B4064780014C9D8 /* Alarms */,
				A397A78D1B4064780014C9D8 /* AlarmsTests */,
				A397A76C1B4064780014C9D8 /* Products */,
			);
			sourceTree = "<group>";
		};
		A397A76C1B4064780014C9D8 /* Products */ = {
			isa = PBXGroup;
			children = (
				A397A76B1B4064780014C9D8 /* Alarms.app */,
				A397A78A1B4064780014C9D8 /* AlarmsTests.xctest */,
			);
			name = Products;
			sourceTree = "<group>";
		};
		A397A76D1B4064780014C9D8 /* Alarms */ = {
			isa = PBXGroup;
			children = (
				A397A7721B4064780014C9D8 /* AppDelegate.h */,
				A397A7731B4064780014C9D8 /* AppDelegate.m */,
				A3B366B11B40A72400B74153 /* AlarmDetailTVC.h */,
				A3B366B21B40A72400B74153 /* AlarmDetailTVC.m */,
				A3B6FD7D1B412A1500B0C948 /* NotificationManager.h */,
				A3B6FD7E1B412A1500B0C948 /* NotificationManager.m */,
				A397A7781B4064780014C9D8 /* MasterViewController.h */,
				A397A7791B4064780014C9D8 /* MasterViewController.m */,
				A397A77B1B4064780014C9D8 /* DetailViewController.h */,
				A397A77C1B4064780014C9D8 /* DetailViewController.m */,
				A397A77E1B4064780014C9D8 /* Main.storyboard */,
				A3CE5A0C1B42F40B00A23989 /* AlarmSoundPickerVC.h */,
				A3CE5A0D1B42F40B00A23989 /* AlarmSoundPickerVC.m */,
				A3B6FDB91B4215CD00B0C948 /* AlarmAlertVC.h */,
				A3B6FDBA1B4215CD00B0C948 /* AlarmAlertVC.m */,
				A3B6FDB61B4209EA00B0C948 /* ClockVC.h */,
				A3B6FDB71B4209EA00B0C948 /* ClockVC.m */,
				A397A7811B4064780014C9D8 /* Images.xcassets */,
				A397A7831B4064780014C9D8 /* LaunchScreen.xib */,
				A397A7751B4064780014C9D8 /* Alarms.xcdatamodeld */,
				A3CE5A0F1B42F60800A23989 /* Alarm.h */,
				A3CE5A101B42F60800A23989 /* Alarm.m */,
				A3B366AC1B40A45200B74153 /* DBConnection.h */,
				A3B366AD1B40A45200B74153 /* DBConnection.m */,
				A397A76E1B4064780014C9D8 /* Supporting Files */,
			);
			path = Alarms;
			sourceTree = "<group>";
		};
		A397A76E1B4064780014C9D8 /* Supporting Files */ = {
			isa = PBXGroup;
			children = (
				A397A76F1B4064780014C9D8 /* Info.plist */,
				A397A7701B4064780014C9D8 /* main.m */,
			);
			name = "Supporting Files";
			sourceTree = "<group>";
		};
		A397A78D1B4064780014C9D8 /* AlarmsTests */ = {
			isa = PBXGroup;
			children = (
				A397A7901B4064780014C9D8 /* AlarmsTests.m */,
				A397A78E1B4064780014C9D8 /* Supporting Files */,
			);
			path = AlarmsTests;
			sourceTree = "<group>";
		};
		A397A78E1B4064780014C9D8 /* Supporting Files */ = {
			isa = PBXGroup;
			children = (
				A397A78F1B4064780014C9D8 /* Info.plist */,
			);
			name = "Supporting Files";
			sourceTree = "<group>";
		};
		A3B6FDB31B4204BB00B0C948 /* AlarmSound */ = {
			isa = PBXGroup;
			children = (
				A3B6FDB41B4204BB00B0C948 /* modern alarm.aif */,
			);
			path = AlarmSound;
			sourceTree = "<group>";
		};
/* End PBXGroup section */

/* Begin PBXNativeTarget section */
		A397A76A1B4064780014C9D8 /* Alarms */ = {
			isa = PBXNativeTarget;
			buildConfigurationList = A397A7941B4064780014C9D8 /* Build configuration list for PBXNativeTarget "Alarms" */;
			buildPhases = (
				A397A7671B4064780014C9D8 /* Sources */,
				A397A7681B4064780014C9D8 /* Frameworks */,
				A397A7691B4064780014C9D8 /* Resources */,
			);
			buildRules = (
			);
			dependencies = (
			);
			name = Alarms;
			productName = Alarms;
			productReference = A397A76B1B4064780014C9D8 /* Alarms.app */;
			productType = "com.apple.product-type.application";
		};
		A397A7891B4064780014C9D8 /* AlarmsTests */ = {
			isa = PBXNativeTarget;
			buildConfigurationList = A397A7971B4064780014C9D8 /* Build configuration list for PBXNativeTarget "AlarmsTests" */;
			buildPhases = (
				A397A7861B4064780014C9D8 /* Sources */,
				A397A7871B4064780014C9D8 /* Frameworks */,
				A397A7881B4064780014C9D8 /* Resources */,
			);
			buildRules = (
			);
			dependencies = (
				A397A78C1B4064780014C9D8 /* PBXTargetDependency */,
			);
			name = AlarmsTests;
			productName = AlarmsTests;
			productReference = A397A78A1B4064780014C9D8 /* AlarmsTests.xctest */;
			productType = "com.apple.product-type.bundle.unit-test";
		};
/* End PBXNativeTarget section */

/* Begin PBXProject section */
		A397A7631B4064780014C9D8 /* Project object */ = {
			isa = PBXProject;
			attributes = {
				LastUpgradeCheck = 0630;
				ORGANIZATIONNAME = "iReka Soft";
				TargetAttributes = {
					A397A76A1B4064780014C9D8 = {
						CreatedOnToolsVersion = 6.3.2;
						SystemCapabilities = {
							com.apple.BackgroundModes = {
								enabled = 1;
							};
						};
					};
					A397A7891B4064780014C9D8 = {
						CreatedOnToolsVersion = 6.3.2;
						TestTargetID = A397A76A1B4064780014C9D8;
					};
				};
			};
			buildConfigurationList = A397A7661B4064780014C9D8 /* Build configuration list for PBXProject "Alarms" */;
			compatibilityVersion = "Xcode 3.2";
			developmentRegion = English;
			hasScannedForEncodings = 0;
			knownRegions = (
				en,
				Base,
			);
			mainGroup = A397A7621B4064780014C9D8;
			productRefGroup = A397A76C1B4064780014C9D8 /* Products */;
			projectDirPath = "";
			projectRoot = "";
			targets = (
				A397A76A1B4064780014C9D8 /* Alarms */,
				A397A7891B4064780014C9D8 /* AlarmsTests */,
			);
		};
/* End PBXProject section */

/* Begin PBXResourcesBuildPhase section */
		A397A7691B4064780014C9D8 /* Resources */ = {
			isa = PBXResourcesBuildPhase;
			buildActionMask = 2147483647;
			files = (
				A397A7801B4064780014C9D8 /* Main.storyboard in Resources */,
				A3B366B01B40A56900B74153 /* SanFranciscoDisplay-Light.otf in Resources */,
				A3CE5A0B1B42F0E100A23989 /* rotate.png in Resources */,
				A397A7851B4064780014C9D8 /* LaunchScreen.xib in Resources */,
				A3B6FDB51B4204BB00B0C948 /* modern alarm.aif in Resources */,
				A397A7821B4064780014C9D8 /* Images.xcassets in Resources */,
			);
			runOnlyForDeploymentPostprocessing = 0;
		};
		A397A7881B4064780014C9D8 /* Resources */ = {
			isa = PBXResourcesBuildPhase;
			buildActionMask = 2147483647;
			files = (
			);
			runOnlyForDeploymentPostprocessing = 0;
		};
/* End PBXResourcesBuildPhase section */

/* Begin PBXSourcesBuildPhase section */
		A397A7671B4064780014C9D8 /* Sources */ = {
			isa = PBXSourcesBuildPhase;
			buildActionMask = 2147483647;
			files = (
				A397A77D1B4064780014C9D8 /* DetailViewController.m in Sources */,
				A3B366AE1B40A45200B74153 /* DBConnection.m in Sources */,
				A3B6FD7F1B412A1500B0C948 /* NotificationManager.m in Sources */,
				A3B366B31B40A72400B74153 /* AlarmDetailTVC.m in Sources */,
				A397A77A1B4064780014C9D8 /* MasterViewController.m in Sources */,
				A397A7741B4064780014C9D8 /* AppDelegate.m in Sources */,
				A397A7771B4064780014C9D8 /* Alarms.xcdatamodeld in Sources */,
				A3B6FDBB1B4215CD00B0C948 /* AlarmAlertVC.m in Sources */,
				A3CE5A0E1B42F40B00A23989 /* AlarmSoundPickerVC.m in Sources */,
				A3CE5A111B42F60800A23989 /* Alarm.m in Sources */,
				A3B6FDB81B4209EA00B0C948 /* ClockVC.m in Sources */,
				A397A7711B4064780014C9D8 /* main.m in Sources */,
				A3B6FD811B41452600B0C948 /* ReadMe.md in Sources */,
			);
			runOnlyForDeploymentPostprocessing = 0;
		};
		A397A7861B4064780014C9D8 /* Sources */ = {
			isa = PBXSourcesBuildPhase;
			buildActionMask = 2147483647;
			files = (
				A397A7911B4064780014C9D8 /* AlarmsTests.m in Sources */,
			);
			runOnlyForDeploymentPostprocessing = 0;
		};
/* End PBXSourcesBuildPhase section */

/* Begin PBXTargetDependency section */
		A397A78C1B4064780014C9D8 /* PBXTargetDependency */ = {
			isa = PBXTargetDependency;
			target = A397A76A1B4064780014C9D8 /* Alarms */;
			targetProxy = A397A78B1B4064780014C9D8 /* PBXContainerItemProxy */;
		};
/* End PBXTargetDependency section */

/* Begin PBXVariantGroup section */
		A397A77E1B4064780014C9D8 /* Main.storyboard */ = {
			isa = PBXVariantGroup;
			children = (
				A397A77F1B4064780014C9D8 /* Base */,
			);
			name = Main.storyboard;
			sourceTree = "<group>";
		};
		A397A7831B4064780014C9D8 /* LaunchScreen.xib */ = {
			isa = PBXVariantGroup;
			children = (
				A397A7841B4064780014C9D8 /* Base */,
			);
			name = LaunchScreen.xib;
			sourceTree = "<group>";
		};
/* End PBXVariantGroup section */

/* Begin XCBuildConfiguration section */
		A397A7921B4064780014C9D8 /* Debug */ = {
			isa = XCBuildConfiguration;
			buildSettings = {
				ALWAYS_SEARCH_USER_PATHS = NO;
				CLANG_CXX_LANGUAGE_STANDARD = "gnu++0x";
				CLANG_CXX_LIBRARY = "libc++";
				CLANG_ENABLE_MODULES = YES;
				CLANG_ENABLE_OBJC_ARC = YES;
				CLANG_WARN_BOOL_CONVERSION = YES;
				CLANG_WARN_CONSTANT_CONVERSION = YES;
				CLANG_WARN_DIRECT_OBJC_ISA_USAGE = YES_ERROR;
				CLANG_WARN_EMPTY_BODY = YES;
				CLANG_WARN_ENUM_CONVERSION = YES;
				CLANG_WARN_INT_CONVERSION = YES;
				CLANG_WARN_OBJC_ROOT_CLASS = YES_ERROR;
				CLANG_WARN_UNREACHABLE_CODE = YES;
				CLANG_WARN__DUPLICATE_METHOD_MATCH = YES;
				"CODE_SIGN_IDENTITY[sdk=iphoneos*]" = "iPhone Developer";
				COPY_PHASE_STRIP = NO;
				DEBUG_INFORMATION_FORMAT = "dwarf-with-dsym";
				ENABLE_STRICT_OBJC_MSGSEND = YES;
				GCC_C_LANGUAGE_STANDARD = gnu99;
				GCC_DYNAMIC_NO_PIC = NO;
				GCC_NO_COMMON_BLOCKS = YES;
				GCC_OPTIMIZATION_LEVEL = 0;
				GCC_PREPROCESSOR_DEFINITIONS = (
					"DEBUG=1",
					"$(inherited)",
				);
				GCC_SYMBOLS_PRIVATE_EXTERN = NO;
				GCC_WARN_64_TO_32_BIT_CONVERSION = YES;
				GCC_WARN_ABOUT_RETURN_TYPE = YES_ERROR;
				GCC_WARN_UNDECLARED_SELECTOR = YES;
				GCC_WARN_UNINITIALIZED_AUTOS = YES_AGGRESSIVE;
				GCC_WARN_UNUSED_FUNCTION = YES;
				GCC_WARN_UNUSED_VARIABLE = YES;
				IPHONEOS_DEPLOYMENT_TARGET = 8.3;
				MTL_ENABLE_DEBUG_INFO = YES;
				ONLY_ACTIVE_ARCH = YES;
				SDKROOT = iphoneos;
				TARGETED_DEVICE_FAMILY = "1,2";
			};
			name = Debug;
		};
		A397A7931B4064780014C9D8 /* Release */ = {
			isa = XCBuildConfiguration;
			buildSettings = {
				ALWAYS_SEARCH_USER_PATHS = NO;
				CLANG_CXX_LANGUAGE_STANDARD = "gnu++0x";
				CLANG_CXX_LIBRARY = "libc++";
				CLANG_ENABLE_MODULES = YES;
				CLANG_ENABLE_OBJC_ARC = YES;
				CLANG_WARN_BOOL_CONVERSION = YES;
				CLANG_WARN_CONSTANT_CONVERSION = YES;
				CLANG_WARN_DIRECT_OBJC_ISA_USAGE = YES_ERROR;
				CLANG_WARN_EMPTY_BODY = YES;
				CLANG_WARN_ENUM_CONVERSION = YES;
				CLANG_WARN_INT_CONVERSION = YES;
				CLANG_WARN_OBJC_ROOT_CLASS = YES_ERROR;
				CLANG_WARN_UNREACHABLE_CODE = YES;
				CLANG_WARN__DUPLICATE_METHOD_MATCH = YES;
				"CODE_SIGN_IDENTITY[sdk=iphoneos*]" = "iPhone Developer";
				COPY_PHASE_STRIP = NO;
				DEBUG_INFORMATION_FORMAT = "dwarf-with-dsym";
				ENABLE_NS_ASSERTIONS = NO;
				ENABLE_STRICT_OBJC_MSGSEND = YES;
				GCC_C_LANGUAGE_STANDARD = gnu99;
				GCC_NO_COMMON_BLOCKS = YES;
				GCC_WARN_64_TO_32_BIT_CONVERSION = YES;
				GCC_WARN_ABOUT_RETURN_TYPE = YES_ERROR;
				GCC_WARN_UNDECLARED_SELECTOR = YES;
				GCC_WARN_UNINITIALIZED_AUTOS = YES_AGGRESSIVE;
				GCC_WARN_UNUSED_FUNCTION = YES;
				GCC_WARN_UNUSED_VARIABLE = YES;
				IPHONEOS_DEPLOYMENT_TARGET = 8.3;
				MTL_ENABLE_DEBUG_INFO = NO;
				SDKROOT = iphoneos;
				TARGETED_DEVICE_FAMILY = "1,2";
				VALIDATE_PRODUCT = YES;
			};
			name = Release;
		};
		A397A7951B4064780014C9D8 /* Debug */ = {
			isa = XCBuildConfiguration;
			buildSettings = {
				ASSETCATALOG_COMPILER_APPICON_NAME = AppIcon;
				INFOPLIST_FILE = Alarms/Info.plist;
				IPHONEOS_DEPLOYMENT_TARGET = 8.0;
				LD_RUNPATH_SEARCH_PATHS = "$(inherited) @executable_path/Frameworks";
				PRODUCT_NAME = "$(TARGET_NAME)";
			};
			name = Debug;
		};
		A397A7961B4064780014C9D8 /* Release */ = {
			isa = XCBuildConfiguration;
			buildSettings = {
				ASSETCATALOG_COMPILER_APPICON_NAME = AppIcon;
				INFOPLIST_FILE = Alarms/Info.plist;
				IPHONEOS_DEPLOYMENT_TARGET = 8.0;
				LD_RUNPATH_SEARCH_PATHS = "$(inherited) @executable_path/Frameworks";
				PRODUCT_NAME = "$(TARGET_NAME)";
			};
			name = Release;
		};
		A397A7981B4064780014C9D8 /* Debug */ = {
			isa = XCBuildConfiguration;
			buildSettings = {
				BUNDLE_LOADER = "$(TEST_HOST)";
				FRAMEWORK_SEARCH_PATHS = (
					"$(SDKROOT)/Developer/Library/Frameworks",
					"$(inherited)",
				);
				GCC_PREPROCESSOR_DEFINITIONS = (
					"DEBUG=1",
					"$(inherited)",
				);
				INFOPLIST_FILE = AlarmsTests/Info.plist;
				LD_RUNPATH_SEARCH_PATHS = "$(inherited) @executable_path/Frameworks @loader_path/Frameworks";
				PRODUCT_NAME = "$(TARGET_NAME)";
				TEST_HOST = "$(BUILT_PRODUCTS_DIR)/Alarms.app/Alarms";
			};
			name = Debug;
		};
		A397A7991B4064780014C9D8 /* Release */ = {
			isa = XCBuildConfiguration;
			buildSettings = {
				BUNDLE_LOADER = "$(TEST_HOST)";
				FRAMEWORK_SEARCH_PATHS = (
					"$(SDKROOT)/Developer/Library/Frameworks",
					"$(inherited)",
				);
				INFOPLIST_FILE = AlarmsTests/Info.plist;
				LD_RUNPATH_SEARCH_PATHS = "$(inherited) @executable_path/Frameworks @loader_path/Frameworks";
				PRODUCT_NAME = "$(TARGET_NAME)";
				TEST_HOST = "$(BUILT_PRODUCTS_DIR)/Alarms.app/Alarms";
			};
			name = Release;
		};
/* End XCBuildConfiguration section */

/* Begin XCConfigurationList section */
		A397A7661B4064780014C9D8 /* Build configuration list for PBXProject "Alarms" */ = {
			isa = XCConfigurationList;
			buildConfigurations = (
				A397A7921B4064780014C9D8 /* Debug */,
				A397A7931B4064780014C9D8 /* Release */,
			);
			defaultConfigurationIsVisible = 0;
			defaultConfigurationName = Release;
		};
		A397A7941B4064780014C9D8 /* Build configuration list for PBXNativeTarget "Alarms" */ = {
			isa = XCConfigurationList;
			buildConfigurations = (
				A397A7951B4064780014C9D8 /* Debug */,
				A397A7961B4064780014C9D8 /* Release */,
			);
			defaultConfigurationIsVisible = 0;
			defaultConfigurationName = Release;
		};
		A397A7971B4064780014C9D8 /* Build configuration list for PBXNativeTarget "AlarmsTests" */ = {
			isa = XCConfigurationList;
			buildConfigurations = (
				A397A7981B4064780014C9D8 /* Debug */,
				A397A7991B4064780014C9D8 /* Release */,
			);
			defaultConfigurationIsVisible = 0;
			defaultConfigurationName = Release;
		};
/* End XCConfigurationList section */

/* Begin XCVersionGroup section */
		A397A7751B4064780014C9D8 /* Alarms.xcdatamodeld */ = {
			isa = XCVersionGroup;
			children = (
				A397A7761B4064780014C9D8 /* Alarms.xcdatamodel */,
			);
			currentVersion = A397A7761B4064780014C9D8 /* Alarms.xcdatamodel */;
			path = Alarms.xcdatamodeld;
			sourceTree = "<group>";
			versionGroupType = wrapper.xcdatamodel;
		};
/* End XCVersionGroup section */
	};
	rootObject = A397A7631B4064780014C9D8 /* Project object */;
}
